// !$*UTF8*$!
{
	archiveVersion = 1;
	classes = {
	};
	objectVersion = 56;
	objects = {

/* Begin PBXBuildFile section */
		AD3EA0BE2B00D3D20011EE41 /* PokeBallApp.swift in Sources */ = {isa = PBXBuildFile; fileRef = AD3EA0BD2B00D3D20011EE41 /* PokeBallApp.swift */; };
		AD3EA0C02B00D3D20011EE41 /* ContentView.swift in Sources */ = {isa = PBXBuildFile; fileRef = AD3EA0BF2B00D3D20011EE41 /* ContentView.swift */; };
		AD3EA0C22B00D3D40011EE41 /* Assets.xcassets in Resources */ = {isa = PBXBuildFile; fileRef = AD3EA0C12B00D3D40011EE41 /* Assets.xcassets */; };
		AD3EA0C52B00D3D40011EE41 /* Preview Assets.xcassets in Resources */ = {isa = PBXBuildFile; fileRef = AD3EA0C42B00D3D40011EE41 /* Preview Assets.xcassets */; };
		ADBFAD7A2B0636A7003CCECD /* PokeCell.swift in Sources */ = {isa = PBXBuildFile; fileRef = ADBFAD792B0636A7003CCECD /* PokeCell.swift */; };
		ADBFAD812B0642AD003CCECD /* PhotoModelDataServices.swift in Sources */ = {isa = PBXBuildFile; fileRef = ADBFAD802B0642AD003CCECD /* PhotoModelDataServices.swift */; };
		ADEEC7F32B4048130003FDFF /* SplashScreenView.swift in Sources */ = {isa = PBXBuildFile; fileRef = ADEEC7F22B4048130003FDFF /* SplashScreenView.swift */; };
		ADEEC7F52B4048680003FDFF /* PokemonGridView.swift in Sources */ = {isa = PBXBuildFile; fileRef = ADEEC7F42B4048680003FDFF /* PokemonGridView.swift */; };
		ADEEC7F72B4048850003FDFF /* PokemonDetailView.swift in Sources */ = {isa = PBXBuildFile; fileRef = ADEEC7F62B4048850003FDFF /* PokemonDetailView.swift */; };
		ADEEC7F92B4048BE0003FDFF /* PokemonViewModel.swift in Sources */ = {isa = PBXBuildFile; fileRef = ADEEC7F82B4048BE0003FDFF /* PokemonViewModel.swift */; };
		ADEEC7FB2B4048F00003FDFF /* PokemonModel.swift in Sources */ = {isa = PBXBuildFile; fileRef = ADEEC7FA2B4048F00003FDFF /* PokemonModel.swift */; };
		ADEEC7FE2B40495B0003FDFF /* Kingfisher in Frameworks */ = {isa = PBXBuildFile; productRef = ADEEC7FD2B40495B0003FDFF /* Kingfisher */; };
		ADEEC8022B404C1C0003FDFF /* Shiny in Frameworks */ = {isa = PBXBuildFile; productRef = ADEEC8012B404C1C0003FDFF /* Shiny */; };
		ADEEC8042B404D3C0003FDFF /* testUI.swift in Sources */ = {isa = PBXBuildFile; fileRef = ADEEC8032B404D3C0003FDFF /* testUI.swift */; };
/* End PBXBuildFile section */

/* Begin PBXFileReference section */
		AD3EA0BA2B00D3D20011EE41 /* PokeBall.app */ = {isa = PBXFileReference; explicitFileType = wrapper.application; includeInIndex = 0; path = PokeBall.app; sourceTree = BUILT_PRODUCTS_DIR; };
		AD3EA0BD2B00D3D20011EE41 /* PokeBallApp.swift */ = {isa = PBXFileReference; lastKnownFileType = sourcecode.swift; path = PokeBallApp.swift; sourceTree = "<group>"; };
		AD3EA0BF2B00D3D20011EE41 /* ContentView.swift */ = {isa = PBXFileReference; lastKnownFileType = sourcecode.swift; path = ContentView.swift; sourceTree = "<group>"; };
		AD3EA0C12B00D3D40011EE41 /* Assets.xcassets */ = {isa = PBXFileReference; lastKnownFileType = folder.assetcatalog; path = Assets.xcassets; sourceTree = "<group>"; };
		AD3EA0C42B00D3D40011EE41 /* Preview Assets.xcassets */ = {isa = PBXFileReference; lastKnownFileType = folder.assetcatalog; path = "Preview Assets.xcassets"; sourceTree = "<group>"; };
		ADBFAD792B0636A7003CCECD /* PokeCell.swift */ = {isa = PBXFileReference; lastKnownFileType = sourcecode.swift; path = PokeCell.swift; sourceTree = "<group>"; };
		ADBFAD802B0642AD003CCECD /* PhotoModelDataServices.swift */ = {isa = PBXFileReference; lastKnownFileType = sourcecode.swift; path = PhotoModelDataServices.swift; sourceTree = "<group>"; };
		ADEEC7F22B4048130003FDFF /* SplashScreenView.swift */ = {isa = PBXFileReference; lastKnownFileType = sourcecode.swift; path = SplashScreenView.swift; sourceTree = "<group>"; };
		ADEEC7F42B4048680003FDFF /* PokemonGridView.swift */ = {isa = PBXFileReference; lastKnownFileType = sourcecode.swift; path = PokemonGridView.swift; sourceTree = "<group>"; };
		ADEEC7F62B4048850003FDFF /* PokemonDetailView.swift */ = {isa = PBXFileReference; lastKnownFileType = sourcecode.swift; path = PokemonDetailView.swift; sourceTree = "<group>"; };
		ADEEC7F82B4048BE0003FDFF /* PokemonViewModel.swift */ = {isa = PBXFileReference; lastKnownFileType = sourcecode.swift; path = PokemonViewModel.swift; sourceTree = "<group>"; };
		ADEEC7FA2B4048F00003FDFF /* PokemonModel.swift */ = {isa = PBXFileReference; lastKnownFileType = sourcecode.swift; path = PokemonModel.swift; sourceTree = "<group>"; };
		ADEEC8032B404D3C0003FDFF /* testUI.swift */ = {isa = PBXFileReference; lastKnownFileType = sourcecode.swift; path = testUI.swift; sourceTree = "<group>"; };
/* End PBXFileReference section */

/* Begin PBXFrameworksBuildPhase section */
		AD3EA0B72B00D3D20011EE41 /* Frameworks */ = {
			isa = PBXFrameworksBuildPhase;
			buildActionMask = 2147483647;
			files = (
				ADEEC8022B404C1C0003FDFF /* Shiny in Frameworks */,
				ADEEC7FE2B40495B0003FDFF /* Kingfisher in Frameworks */,
			);
			runOnlyForDeploymentPostprocessing = 0;
		};
/* End PBXFrameworksBuildPhase section */

/* Begin PBXGroup section */
		AD3EA0B12B00D3D20011EE41 = {
			isa = PBXGroup;
			children = (
				AD3EA0BC2B00D3D20011EE41 /* PokeBall */,
				AD3EA0BB2B00D3D20011EE41 /* Products */,
			);
			sourceTree = "<group>";
		};
		AD3EA0BB2B00D3D20011EE41 /* Products */ = {
			isa = PBXGroup;
			children = (
				AD3EA0BA2B00D3D20011EE41 /* PokeBall.app */,
			);
			name = Products;
			sourceTree = "<group>";
		};
		AD3EA0BC2B00D3D20011EE41 /* PokeBall */ = {
			isa = PBXGroup;
			children = (
				AD3EA0BD2B00D3D20011EE41 /* PokeBallApp.swift */,
				ADEEC8032B404D3C0003FDFF /* testUI.swift */,
				AD3EA0BF2B00D3D20011EE41 /* ContentView.swift */,
				ADEEC7F22B4048130003FDFF /* SplashScreenView.swift */,
				AD3EA0CC2B00DB9B0011EE41 /* Views */,
				AD3EA0CB2B00DB940011EE41 /* Models */,
				AD3EA0CD2B00DBA10011EE41 /* ViewModel */,
				ADBFAD7F2B064278003CCECD /* Utilities */,
				AD3EA0C12B00D3D40011EE41 /* Assets.xcassets */,
				AD3EA0C32B00D3D40011EE41 /* Preview Content */,
			);
			path = PokeBall;
			sourceTree = "<group>";
		};
		AD3EA0C32B00D3D40011EE41 /* Preview Content */ = {
			isa = PBXGroup;
			children = (
				AD3EA0C42B00D3D40011EE41 /* Preview Assets.xcassets */,
			);
			path = "Preview Content";
			sourceTree = "<group>";
		};
		AD3EA0CB2B00DB940011EE41 /* Models */ = {
			isa = PBXGroup;
			children = (
				ADEEC7FA2B4048F00003FDFF /* PokemonModel.swift */,
			);
			path = Models;
			sourceTree = "<group>";
		};
		AD3EA0CC2B00DB9B0011EE41 /* Views */ = {
			isa = PBXGroup;
			children = (
				ADBFAD792B0636A7003CCECD /* PokeCell.swift */,
				ADEEC7F42B4048680003FDFF /* PokemonGridView.swift */,
				ADEEC7F62B4048850003FDFF /* PokemonDetailView.swift */,
			);
			path = Views;
			sourceTree = "<group>";
		};
		AD3EA0CD2B00DBA10011EE41 /* ViewModel */ = {
			isa = PBXGroup;
			children = (
				ADEEC7F82B4048BE0003FDFF /* PokemonViewModel.swift */,
			);
			path = ViewModel;
			sourceTree = "<group>";
		};
		ADBFAD7F2B064278003CCECD /* Utilities */ = {
			isa = PBXGroup;
			children = (
				ADBFAD802B0642AD003CCECD /* PhotoModelDataServices.swift */,
			);
			path = Utilities;
			sourceTree = "<group>";
		};
/* End PBXGroup section */

/* Begin PBXNativeTarget section */
		AD3EA0B92B00D3D20011EE41 /* PokeBall */ = {
			isa = PBXNativeTarget;
			buildConfigurationList = AD3EA0C82B00D3D40011EE41 /* Build configuration list for PBXNativeTarget "PokeBall" */;
			buildPhases = (
				AD3EA0B62B00D3D20011EE41 /* Sources */,
				AD3EA0B72B00D3D20011EE41 /* Frameworks */,
				AD3EA0B82B00D3D20011EE41 /* Resources */,
			);
			buildRules = (
			);
			dependencies = (
			);
			name = PokeBall;
			packageProductDependencies = (
				ADEEC7FD2B40495B0003FDFF /* Kingfisher */,
				ADEEC8012B404C1C0003FDFF /* Shiny */,
			);
			productName = PokeBall;
			productReference = AD3EA0BA2B00D3D20011EE41 /* PokeBall.app */;
			productType = "com.apple.product-type.application";
		};
/* End PBXNativeTarget section */

/* Begin PBXProject section */
		AD3EA0B22B00D3D20011EE41 /* Project object */ = {
			isa = PBXProject;
			attributes = {
				BuildIndependentTargetsInParallel = 1;
				LastSwiftUpdateCheck = 1500;
				LastUpgradeCheck = 1500;
				TargetAttributes = {
					AD3EA0B92B00D3D20011EE41 = {
						CreatedOnToolsVersion = 15.0.1;
					};
				};
			};
			buildConfigurationList = AD3EA0B52B00D3D20011EE41 /* Build configuration list for PBXProject "PokeBall" */;
			compatibilityVersion = "Xcode 14.0";
			developmentRegion = en;
			hasScannedForEncodings = 0;
			knownRegions = (
				en,
				Base,
			);
			mainGroup = AD3EA0B12B00D3D20011EE41;
			packageReferences = (
				ADEEC7FC2B40495B0003FDFF /* XCRemoteSwiftPackageReference "Kingfisher" */,
				ADEEC8002B404C1C0003FDFF /* XCRemoteSwiftPackageReference "shiny" */,
			);
			productRefGroup = AD3EA0BB2B00D3D20011EE41 /* Products */;
			projectDirPath = "";
			projectRoot = "";
			targets = (
				AD3EA0B92B00D3D20011EE41 /* PokeBall */,
			);
		};
/* End PBXProject section */

/* Begin PBXResourcesBuildPhase section */
		AD3EA0B82B00D3D20011EE41 /* Resources */ = {
			isa = PBXResourcesBuildPhase;
			buildActionMask = 2147483647;
			files = (
				AD3EA0C52B00D3D40011EE41 /* Preview Assets.xcassets in Resources */,
				AD3EA0C22B00D3D40011EE41 /* Assets.xcassets in Resources */,
			);
			runOnlyForDeploymentPostprocessing = 0;
		};
/* End PBXResourcesBuildPhase section */

/* Begin PBXSourcesBuildPhase section */
		AD3EA0B62B00D3D20011EE41 /* Sources */ = {
			isa = PBXSourcesBuildPhase;
			buildActionMask = 2147483647;
			files = (
				AD3EA0C02B00D3D20011EE41 /* ContentView.swift in Sources */,
				ADEEC8042B404D3C0003FDFF /* testUI.swift in Sources */,
				ADEEC7F92B4048BE0003FDFF /* PokemonViewModel.swift in Sources */,
				ADEEC7F72B4048850003FDFF /* PokemonDetailView.swift in Sources */,
				ADBFAD7A2B0636A7003CCECD /* PokeCell.swift in Sources */,
				AD3EA0BE2B00D3D20011EE41 /* PokeBallApp.swift in Sources */,
				ADEEC7F52B4048680003FDFF /* PokemonGridView.swift in Sources */,
				ADEEC7F32B4048130003FDFF /* SplashScreenView.swift in Sources */,
				ADEEC7FB2B4048F00003FDFF /* PokemonModel.swift in Sources */,
				ADBFAD812B0642AD003CCECD /* PhotoModelDataServices.swift in Sources */,
			);
			runOnlyForDeploymentPostprocessing = 0;
		};
/* End PBXSourcesBuildPhase section */

/* Begin XCBuildConfiguration section */
		AD3EA0C62B00D3D40011EE41 /* Debug */ = {
			isa = XCBuildConfiguration;
			buildSettings = {
				ALWAYS_SEARCH_USER_PATHS = NO;
				ASSETCATALOG_COMPILER_GENERATE_SWIFT_ASSET_SYMBOL_EXTENSIONS = YES;
				CLANG_ANALYZER_NONNULL = YES;
				CLANG_ANALYZER_NUMBER_OBJECT_CONVERSION = YES_AGGRESSIVE;
				CLANG_CXX_LANGUAGE_STANDARD = "gnu++20";
				CLANG_ENABLE_MODULES = YES;
				CLANG_ENABLE_OBJC_ARC = YES;
				CLANG_ENABLE_OBJC_WEAK = YES;
				CLANG_WARN_BLOCK_CAPTURE_AUTORELEASING = YES;
				CLANG_WARN_BOOL_CONVERSION = YES;
				CLANG_WARN_COMMA = YES;
				CLANG_WARN_CONSTANT_CONVERSION = YES;
				CLANG_WARN_DEPRECATED_OBJC_IMPLEMENTATIONS = YES;
				CLANG_WARN_DIRECT_OBJC_ISA_USAGE = YES_ERROR;
				CLANG_WARN_DOCUMENTATION_COMMENTS = YES;
				CLANG_WARN_EMPTY_BODY = YES;
				CLANG_WARN_ENUM_CONVERSION = YES;
				CLANG_WARN_INFINITE_RECURSION = YES;
				CLANG_WARN_INT_CONVERSION = YES;
				CLANG_WARN_NON_LITERAL_NULL_CONVERSION = YES;
				CLANG_WARN_OBJC_IMPLICIT_RETAIN_SELF = YES;
				CLANG_WARN_OBJC_LITERAL_CONVERSION = YES;
				CLANG_WARN_OBJC_ROOT_CLASS = YES_ERROR;
				CLANG_WARN_QUOTED_INCLUDE_IN_FRAMEWORK_HEADER = YES;
				CLANG_WARN_RANGE_LOOP_ANALYSIS = YES;
				CLANG_WARN_STRICT_PROTOTYPES = YES;
				CLANG_WARN_SUSPICIOUS_MOVE = YES;
				CLANG_WARN_UNGUARDED_AVAILABILITY = YES_AGGRESSIVE;
				CLANG_WARN_UNREACHABLE_CODE = YES;
				CLANG_WARN__DUPLICATE_METHOD_MATCH = YES;
				COPY_PHASE_STRIP = NO;
				DEBUG_INFORMATION_FORMAT = dwarf;
				ENABLE_STRICT_OBJC_MSGSEND = YES;
				ENABLE_TESTABILITY = YES;
				ENABLE_USER_SCRIPT_SANDBOXING = YES;
				GCC_C_LANGUAGE_STANDARD = gnu17;
				GCC_DYNAMIC_NO_PIC = NO;
				GCC_NO_COMMON_BLOCKS = YES;
				GCC_OPTIMIZATION_LEVEL = 0;
				GCC_PREPROCESSOR_DEFINITIONS = (
					"DEBUG=1",
					"$(inherited)",
				);
				GCC_WARN_64_TO_32_BIT_CONVERSION = YES;
				GCC_WARN_ABOUT_RETURN_TYPE = YES_ERROR;
				GCC_WARN_UNDECLARED_SELECTOR = YES;
				GCC_WARN_UNINITIALIZED_AUTOS = YES_AGGRESSIVE;
				GCC_WARN_UNUSED_FUNCTION = YES;
				GCC_WARN_UNUSED_VARIABLE = YES;
				IPHONEOS_DEPLOYMENT_TARGET = 17.0;
				LOCALIZATION_PREFERS_STRING_CATALOGS = YES;
				MTL_ENABLE_DEBUG_INFO = INCLUDE_SOURCE;
				MTL_FAST_MATH = YES;
				ONLY_ACTIVE_ARCH = YES;
				SDKROOT = iphoneos;
				SWIFT_ACTIVE_COMPILATION_CONDITIONS = "DEBUG $(inherited)";
				SWIFT_OPTIMIZATION_LEVEL = "-Onone";
			};
			name = Debug;
		};
		AD3EA0C72B00D3D40011EE41 /* Release */ = {
			isa = XCBuildConfiguration;
			buildSettings = {
				ALWAYS_SEARCH_USER_PATHS = NO;
				ASSETCATALOG_COMPILER_GENERATE_SWIFT_ASSET_SYMBOL_EXTENSIONS = YES;
				CLANG_ANALYZER_NONNULL = YES;
				CLANG_ANALYZER_NUMBER_OBJECT_CONVERSION = YES_AGGRESSIVE;
				CLANG_CXX_LANGUAGE_STANDARD = "gnu++20";
				CLANG_ENABLE_MODULES = YES;
				CLANG_ENABLE_OBJC_ARC = YES;
				CLANG_ENABLE_OBJC_WEAK = YES;
				CLANG_WARN_BLOCK_CAPTURE_AUTORELEASING = YES;
				CLANG_WARN_BOOL_CONVERSION = YES;
				CLANG_WARN_COMMA = YES;
				CLANG_WARN_CONSTANT_CONVERSION = YES;
				CLANG_WARN_DEPRECATED_OBJC_IMPLEMENTATIONS = YES;
				CLANG_WARN_DIRECT_OBJC_ISA_USAGE = YES_ERROR;
				CLANG_WARN_DOCUMENTATION_COMMENTS = YES;
				CLANG_WARN_EMPTY_BODY = YES;
				CLANG_WARN_ENUM_CONVERSION = YES;
				CLANG_WARN_INFINITE_RECURSION = YES;
				CLANG_WARN_INT_CONVERSION = YES;
				CLANG_WARN_NON_LITERAL_NULL_CONVERSION = YES;
				CLANG_WARN_OBJC_IMPLICIT_RETAIN_SELF = YES;
				CLANG_WARN_OBJC_LITERAL_CONVERSION = YES;
				CLANG_WARN_OBJC_ROOT_CLASS = YES_ERROR;
				CLANG_WARN_QUOTED_INCLUDE_IN_FRAMEWORK_HEADER = YES;
				CLANG_WARN_RANGE_LOOP_ANALYSIS = YES;
				CLANG_WARN_STRICT_PROTOTYPES = YES;
				CLANG_WARN_SUSPICIOUS_MOVE = YES;
				CLANG_WARN_UNGUARDED_AVAILABILITY = YES_AGGRESSIVE;
				CLANG_WARN_UNREACHABLE_CODE = YES;
				CLANG_WARN__DUPLICATE_METHOD_MATCH = YES;
				COPY_PHASE_STRIP = NO;
				DEBUG_INFORMATION_FORMAT = "dwarf-with-dsym";
				ENABLE_NS_ASSERTIONS = NO;
				ENABLE_STRICT_OBJC_MSGSEND = YES;
				ENABLE_USER_SCRIPT_SANDBOXING = YES;
				GCC_C_LANGUAGE_STANDARD = gnu17;
				GCC_NO_COMMON_BLOCKS = YES;
				GCC_WARN_64_TO_32_BIT_CONVERSION = YES;
				GCC_WARN_ABOUT_RETURN_TYPE = YES_ERROR;
				GCC_WARN_UNDECLARED_SELECTOR = YES;
				GCC_WARN_UNINITIALIZED_AUTOS = YES_AGGRESSIVE;
				GCC_WARN_UNUSED_FUNCTION = YES;
				GCC_WARN_UNUSED_VARIABLE = YES;
				IPHONEOS_DEPLOYMENT_TARGET = 17.0;
				LOCALIZATION_PREFERS_STRING_CATALOGS = YES;
				MTL_ENABLE_DEBUG_INFO = NO;
				MTL_FAST_MATH = YES;
				SDKROOT = iphoneos;
				SWIFT_COMPILATION_MODE = wholemodule;
				VALIDATE_PRODUCT = YES;
			};
			name = Release;
		};
		AD3EA0C92B00D3D40011EE41 /* Debug */ = {
			isa = XCBuildConfiguration;
			buildSettings = {
				ASSETCATALOG_COMPILER_APPICON_NAME = AppIcon;
				ASSETCATALOG_COMPILER_GLOBAL_ACCENT_COLOR_NAME = AccentColor;
				CODE_SIGN_STYLE = Automatic;
				CURRENT_PROJECT_VERSION = 1;
				DEVELOPMENT_ASSET_PATHS = "\"PokeBall/Preview Content\"";
				DEVELOPMENT_TEAM = M55L7NG694;
				ENABLE_PREVIEWS = YES;
				GENERATE_INFOPLIST_FILE = YES;
				INFOPLIST_KEY_UIApplicationSceneManifest_Generation = YES;
				INFOPLIST_KEY_UIApplicationSupportsIndirectInputEvents = YES;
				INFOPLIST_KEY_UILaunchScreen_Generation = YES;
				INFOPLIST_KEY_UISupportedInterfaceOrientations_iPad = "UIInterfaceOrientationPortrait UIInterfaceOrientationPortraitUpsideDown UIInterfaceOrientationLandscapeLeft UIInterfaceOrientationLandscapeRight";
				INFOPLIST_KEY_UISupportedInterfaceOrientations_iPhone = "UIInterfaceOrientationPortrait UIInterfaceOrientationLandscapeLeft UIInterfaceOrientationLandscapeRight";
				LD_RUNPATH_SEARCH_PATHS = (
					"$(inherited)",
					"@executable_path/Frameworks",
				);
				MARKETING_VERSION = 1.0;
				PRODUCT_BUNDLE_IDENTIFIER = com.sachin.PokeBall;
				PRODUCT_NAME = "$(TARGET_NAME)";
				SWIFT_EMIT_LOC_STRINGS = YES;
				SWIFT_VERSION = 5.0;
				TARGETED_DEVICE_FAMILY = "1,2";
			};
			name = Debug;
		};
		AD3EA0CA2B00D3D40011EE41 /* Release */ = {
			isa = XCBuildConfiguration;
			buildSettings = {
				ASSETCATALOG_COMPILER_APPICON_NAME = AppIcon;
				ASSETCATALOG_COMPILER_GLOBAL_ACCENT_COLOR_NAME = AccentColor;
				CODE_SIGN_STYLE = Automatic;
				CURRENT_PROJECT_VERSION = 1;
				DEVELOPMENT_ASSET_PATHS = "\"PokeBall/Preview Content\"";
				DEVELOPMENT_TEAM = M55L7NG694;
				ENABLE_PREVIEWS = YES;
				GENERATE_INFOPLIST_FILE = YES;
				INFOPLIST_KEY_UIApplicationSceneManifest_Generation = YES;
				INFOPLIST_KEY_UIApplicationSupportsIndirectInputEvents = YES;
				INFOPLIST_KEY_UILaunchScreen_Generation = YES;
				INFOPLIST_KEY_UISupportedInterfaceOrientations_iPad = "UIInterfaceOrientationPortrait UIInterfaceOrientationPortraitUpsideDown UIInterfaceOrientationLandscapeLeft UIInterfaceOrientationLandscapeRight";
				INFOPLIST_KEY_UISupportedInterfaceOrientations_iPhone = "UIInterfaceOrientationPortrait UIInterfaceOrientationLandscapeLeft UIInterfaceOrientationLandscapeRight";
				LD_RUNPATH_SEARCH_PATHS = (
					"$(inherited)",
					"@executable_path/Frameworks",
				);
				MARKETING_VERSION = 1.0;
				PRODUCT_BUNDLE_IDENTIFIER = com.sachin.PokeBall;
				PRODUCT_NAME = "$(TARGET_NAME)";
				SWIFT_EMIT_LOC_STRINGS = YES;
				SWIFT_VERSION = 5.0;
				TARGETED_DEVICE_FAMILY = "1,2";
			};
			name = Release;
		};
/* End XCBuildConfiguration section */

/* Begin XCConfigurationList section */
		AD3EA0B52B00D3D20011EE41 /* Build configuration list for PBXProject "PokeBall" */ = {
			isa = XCConfigurationList;
			buildConfigurations = (
				AD3EA0C62B00D3D40011EE41 /* Debug */,
				AD3EA0C72B00D3D40011EE41 /* Release */,
			);
			defaultConfigurationIsVisible = 0;
			defaultConfigurationName = Release;
		};
		AD3EA0C82B00D3D40011EE41 /* Build configuration list for PBXNativeTarget "PokeBall" */ = {
			isa = XCConfigurationList;
			buildConfigurations = (
				AD3EA0C92B00D3D40011EE41 /* Debug */,
				AD3EA0CA2B00D3D40011EE41 /* Release */,
			);
			defaultConfigurationIsVisible = 0;
			defaultConfigurationName = Release;
		};
/* End XCConfigurationList section */

/* Begin XCRemoteSwiftPackageReference section */
		ADEEC7FC2B40495B0003FDFF /* XCRemoteSwiftPackageReference "Kingfisher" */ = {
			isa = XCRemoteSwiftPackageReference;
			repositoryURL = "https://github.com/onevcat/Kingfisher";
			requirement = {
				kind = upToNextMajorVersion;
				minimumVersion = 7.10.1;
			};
		};
		ADEEC8002B404C1C0003FDFF /* XCRemoteSwiftPackageReference "shiny" */ = {
			isa = XCRemoteSwiftPackageReference;
			repositoryURL = "https://github.com/maustinstar/shiny.git";
			requirement = {
				branch = master;
				kind = branch;
			};
		};
/* End XCRemoteSwiftPackageReference section */

/* Begin XCSwiftPackageProductDependency section */
		ADEEC7FD2B40495B0003FDFF /* Kingfisher */ = {
			isa = XCSwiftPackageProductDependency;
			package = ADEEC7FC2B40495B0003FDFF /* XCRemoteSwiftPackageReference "Kingfisher" */;
			productName = Kingfisher;
		};
		ADEEC8012B404C1C0003FDFF /* Shiny */ = {
			isa = XCSwiftPackageProductDependency;
			package = ADEEC8002B404C1C0003FDFF /* XCRemoteSwiftPackageReference "shiny" */;
			productName = Shiny;
		};
/* End XCSwiftPackageProductDependency section */
	};
	rootObject = AD3EA0B22B00D3D20011EE41 /* Project object */;
}
